
Microsoft Visual Studio Solution File, Format Version 12.00
# Visual Studio Version 17
VisualStudioVersion = 17.2.32602.215
MinimumVisualStudioVersion = 10.0.40219.1
Project("{FAE04EC0-301F-11D3-BF4B-00C04F79EFBC}") = "tic-tac-toe", "tic-tac-toe\tic-tac-toe.csproj", "{0926AF73-B323-41E3-9BB5-FDC9A8D1C9A3}"
EndProject
Global
	GlobalSection(SolutionConfigurationPlatforms) = preSolution
		Debug|Any CPU = Debug|Any CPU
		Release|Any CPU = Release|Any CPU
	EndGlobalSection
	GlobalSection(ProjectConfigurationPlatforms) = postSolution
		{0926AF73-B323-41E3-9BB5-FDC9A8D1C9A3}.Debug|Any CPU.ActiveCfg = Debug|Any CPU
		{0926AF73-B323-41E3-9BB5-FDC9A8D1C9A3}.Debug|Any CPU.Build.0 = Debug|Any CPU
		{0926AF73-B323-41E3-9BB5-FDC9A8D1C9A3}.Release|Any CPU.ActiveCfg = Release|Any CPU
		{0926AF73-B323-41E3-9BB5-FDC9A8D1C9A3}.Release|Any CPU.Build.0 = Release|Any CPU
	EndGlobalSection
	GlobalSection(SolutionProperties) = preSolution
		HideSolutionNode = FALSE
	EndGlobalSection
	GlobalSection(ExtensibilityGlobals) = postSolution
		SolutionGuid = {F53C7B53-A1E5-4339-A85E-6E4392D9DAA3}
	EndGlobalSection
EndGlobal
